// !$*UTF8*$!
{
	archiveVersion = 1;
	classes = {
	};
	objectVersion = 56;
	objects = {

/* Begin PBXBuildFile section */
		4B0CF1822AD575540081302F /* PosterImageModalViewController.swift in Sources */ = {isa = PBXBuildFile; fileRef = 4B0CF1812AD575540081302F /* PosterImageModalViewController.swift */; };
		4B0CF1842AD575AE0081302F /* PosterImageModalViewController.xib in Resources */ = {isa = PBXBuildFile; fileRef = 4B0CF1832AD575AE0081302F /* PosterImageModalViewController.xib */; };
		4B550BB62AD0BFB40010BC89 /* AppDelegate.swift in Sources */ = {isa = PBXBuildFile; fileRef = 4B550BB52AD0BFB40010BC89 /* AppDelegate.swift */; };
		4B550BB82AD0BFB40010BC89 /* SceneDelegate.swift in Sources */ = {isa = PBXBuildFile; fileRef = 4B550BB72AD0BFB40010BC89 /* SceneDelegate.swift */; };
		4B550BBA2AD0BFB40010BC89 /* MoviesViewController.swift in Sources */ = {isa = PBXBuildFile; fileRef = 4B550BB92AD0BFB40010BC89 /* MoviesViewController.swift */; };
		4B550BBF2AD0BFB50010BC89 /* Assets.xcassets in Resources */ = {isa = PBXBuildFile; fileRef = 4B550BBE2AD0BFB50010BC89 /* Assets.xcassets */; };
		4B550BC22AD0BFB50010BC89 /* LaunchScreen.storyboard in Resources */ = {isa = PBXBuildFile; fileRef = 4B550BC02AD0BFB50010BC89 /* LaunchScreen.storyboard */; };
		4B6D5DB92AD2E12D006902F1 /* MoviesTableViewCell.swift in Sources */ = {isa = PBXBuildFile; fileRef = 4B6D5DB72AD2E12D006902F1 /* MoviesTableViewCell.swift */; };
		4B6D5DBA2AD2E12D006902F1 /* MoviesTableViewCell.xib in Resources */ = {isa = PBXBuildFile; fileRef = 4B6D5DB82AD2E12D006902F1 /* MoviesTableViewCell.xib */; };
		4B6D5DBD2AD2FF98006902F1 /* MovieDetailViewController.swift in Sources */ = {isa = PBXBuildFile; fileRef = 4B6D5DBC2AD2FF98006902F1 /* MovieDetailViewController.swift */; };
		4B6D5DC12AD30A14006902F1 /* MovieDetailViewController.xib in Resources */ = {isa = PBXBuildFile; fileRef = 4B6D5DC02AD30A14006902F1 /* MovieDetailViewController.xib */; };
		4B6D5DC32AD30FDD006902F1 /* MoviesViewController.xib in Resources */ = {isa = PBXBuildFile; fileRef = 4B6D5DC22AD30FDD006902F1 /* MoviesViewController.xib */; };
		4BF75C4C2AD405E6006C938F /* MoviesSceneBuilder.swift in Sources */ = {isa = PBXBuildFile; fileRef = 4BF75C4B2AD405E6006C938F /* MoviesSceneBuilder.swift */; };
		4BF75C4F2AD408AC006C938F /* Alamofire in Frameworks */ = {isa = PBXBuildFile; productRef = 4BF75C4E2AD408AC006C938F /* Alamofire */; };
		4BF75C512AD408BE006C938F /* NetworkManager.swift in Sources */ = {isa = PBXBuildFile; fileRef = 4BF75C502AD408BE006C938F /* NetworkManager.swift */; };
		4BF75C552AD413E3006C938F /* MovieProviderProtocol.swift in Sources */ = {isa = PBXBuildFile; fileRef = 4BF75C542AD413E3006C938F /* MovieProviderProtocol.swift */; };
		4BF75C582AD4143F006C938F /* Movie.swift in Sources */ = {isa = PBXBuildFile; fileRef = 4BF75C572AD4143F006C938F /* Movie.swift */; };
		4BF75C5A2AD41736006C938F /* MovieProvider.swift in Sources */ = {isa = PBXBuildFile; fileRef = 4BF75C592AD41736006C938F /* MovieProvider.swift */; };
		4BF75C5C2AD417BD006C938F /* Genre.swift in Sources */ = {isa = PBXBuildFile; fileRef = 4BF75C5B2AD417BD006C938F /* Genre.swift */; };
		4BF75C5E2AD42616006C938F /* MoviesListViewModel.swift in Sources */ = {isa = PBXBuildFile; fileRef = 4BF75C5D2AD42616006C938F /* MoviesListViewModel.swift */; };
		4BF75C612AD42C8D006C938F /* Kingfisher in Frameworks */ = {isa = PBXBuildFile; productRef = 4BF75C602AD42C8D006C938F /* Kingfisher */; };
		4BF75C632AD45F73006C938F /* MoviesListRouter.swift in Sources */ = {isa = PBXBuildFile; fileRef = 4BF75C622AD45F73006C938F /* MoviesListRouter.swift */; };
		4BF75C652AD46049006C938F /* MovieDetailSceneBuilder.swift in Sources */ = {isa = PBXBuildFile; fileRef = 4BF75C642AD46049006C938F /* MovieDetailSceneBuilder.swift */; };
		4BF75C672AD46B2C006C938F /* MovieDetailViewModel.swift in Sources */ = {isa = PBXBuildFile; fileRef = 4BF75C662AD46B2C006C938F /* MovieDetailViewModel.swift */; };
		4BF75C692AD46B3C006C938F /* MovieDetailRouter.swift in Sources */ = {isa = PBXBuildFile; fileRef = 4BF75C682AD46B3C006C938F /* MovieDetailRouter.swift */; };
/* End PBXBuildFile section */

/* Begin PBXFileReference section */
		4B0CF1812AD575540081302F /* PosterImageModalViewController.swift */ = {isa = PBXFileReference; lastKnownFileType = sourcecode.swift; path = PosterImageModalViewController.swift; sourceTree = "<group>"; };
		4B0CF1832AD575AE0081302F /* PosterImageModalViewController.xib */ = {isa = PBXFileReference; lastKnownFileType = file.xib; path = PosterImageModalViewController.xib; sourceTree = "<group>"; };
		4B550BB22AD0BFB40010BC89 /* Natife Test Movies App.app */ = {isa = PBXFileReference; explicitFileType = wrapper.application; includeInIndex = 0; path = "Natife Test Movies App.app"; sourceTree = BUILT_PRODUCTS_DIR; };
		4B550BB52AD0BFB40010BC89 /* AppDelegate.swift */ = {isa = PBXFileReference; lastKnownFileType = sourcecode.swift; path = AppDelegate.swift; sourceTree = "<group>"; };
		4B550BB72AD0BFB40010BC89 /* SceneDelegate.swift */ = {isa = PBXFileReference; lastKnownFileType = sourcecode.swift; path = SceneDelegate.swift; sourceTree = "<group>"; };
		4B550BB92AD0BFB40010BC89 /* MoviesViewController.swift */ = {isa = PBXFileReference; lastKnownFileType = sourcecode.swift; path = MoviesViewController.swift; sourceTree = "<group>"; };
		4B550BBE2AD0BFB50010BC89 /* Assets.xcassets */ = {isa = PBXFileReference; lastKnownFileType = folder.assetcatalog; path = Assets.xcassets; sourceTree = "<group>"; };
		4B550BC12AD0BFB50010BC89 /* Base */ = {isa = PBXFileReference; lastKnownFileType = file.storyboard; name = Base; path = Base.lproj/LaunchScreen.storyboard; sourceTree = "<group>"; };
		4B550BC32AD0BFB50010BC89 /* Info.plist */ = {isa = PBXFileReference; lastKnownFileType = text.plist.xml; path = Info.plist; sourceTree = "<group>"; };
		4B6D5DB72AD2E12D006902F1 /* MoviesTableViewCell.swift */ = {isa = PBXFileReference; lastKnownFileType = sourcecode.swift; path = MoviesTableViewCell.swift; sourceTree = "<group>"; };
		4B6D5DB82AD2E12D006902F1 /* MoviesTableViewCell.xib */ = {isa = PBXFileReference; lastKnownFileType = file.xib; path = MoviesTableViewCell.xib; sourceTree = "<group>"; };
		4B6D5DBC2AD2FF98006902F1 /* MovieDetailViewController.swift */ = {isa = PBXFileReference; lastKnownFileType = sourcecode.swift; path = MovieDetailViewController.swift; sourceTree = "<group>"; };
		4B6D5DC02AD30A14006902F1 /* MovieDetailViewController.xib */ = {isa = PBXFileReference; lastKnownFileType = file.xib; path = MovieDetailViewController.xib; sourceTree = "<group>"; };
		4B6D5DC22AD30FDD006902F1 /* MoviesViewController.xib */ = {isa = PBXFileReference; lastKnownFileType = file.xib; path = MoviesViewController.xib; sourceTree = "<group>"; };
		4BF75C4B2AD405E6006C938F /* MoviesSceneBuilder.swift */ = {isa = PBXFileReference; lastKnownFileType = sourcecode.swift; path = MoviesSceneBuilder.swift; sourceTree = "<group>"; };
		4BF75C502AD408BE006C938F /* NetworkManager.swift */ = {isa = PBXFileReference; lastKnownFileType = sourcecode.swift; path = NetworkManager.swift; sourceTree = "<group>"; };
		4BF75C542AD413E3006C938F /* MovieProviderProtocol.swift */ = {isa = PBXFileReference; lastKnownFileType = sourcecode.swift; path = MovieProviderProtocol.swift; sourceTree = "<group>"; };
		4BF75C572AD4143F006C938F /* Movie.swift */ = {isa = PBXFileReference; lastKnownFileType = sourcecode.swift; path = Movie.swift; sourceTree = "<group>"; };
		4BF75C592AD41736006C938F /* MovieProvider.swift */ = {isa = PBXFileReference; lastKnownFileType = sourcecode.swift; path = MovieProvider.swift; sourceTree = "<group>"; };
		4BF75C5B2AD417BD006C938F /* Genre.swift */ = {isa = PBXFileReference; lastKnownFileType = sourcecode.swift; path = Genre.swift; sourceTree = "<group>"; };
		4BF75C5D2AD42616006C938F /* MoviesListViewModel.swift */ = {isa = PBXFileReference; lastKnownFileType = sourcecode.swift; path = MoviesListViewModel.swift; sourceTree = "<group>"; };
		4BF75C622AD45F73006C938F /* MoviesListRouter.swift */ = {isa = PBXFileReference; lastKnownFileType = sourcecode.swift; path = MoviesListRouter.swift; sourceTree = "<group>"; };
		4BF75C642AD46049006C938F /* MovieDetailSceneBuilder.swift */ = {isa = PBXFileReference; lastKnownFileType = sourcecode.swift; path = MovieDetailSceneBuilder.swift; sourceTree = "<group>"; };
		4BF75C662AD46B2C006C938F /* MovieDetailViewModel.swift */ = {isa = PBXFileReference; lastKnownFileType = sourcecode.swift; path = MovieDetailViewModel.swift; sourceTree = "<group>"; };
		4BF75C682AD46B3C006C938F /* MovieDetailRouter.swift */ = {isa = PBXFileReference; lastKnownFileType = sourcecode.swift; path = MovieDetailRouter.swift; sourceTree = "<group>"; };
/* End PBXFileReference section */

/* Begin PBXFrameworksBuildPhase section */
		4B550BAF2AD0BFB40010BC89 /* Frameworks */ = {
			isa = PBXFrameworksBuildPhase;
			buildActionMask = 2147483647;
			files = (
				4BF75C612AD42C8D006C938F /* Kingfisher in Frameworks */,
				4BF75C4F2AD408AC006C938F /* Alamofire in Frameworks */,
			);
			runOnlyForDeploymentPostprocessing = 0;
		};
/* End PBXFrameworksBuildPhase section */

/* Begin PBXGroup section */
		4B550BA92AD0BFB40010BC89 = {
			isa = PBXGroup;
			children = (
				4B550BB42AD0BFB40010BC89 /* Natife Test Movies App */,
				4B550BB32AD0BFB40010BC89 /* Products */,
			);
			sourceTree = "<group>";
		};
		4B550BB32AD0BFB40010BC89 /* Products */ = {
			isa = PBXGroup;
			children = (
				4B550BB22AD0BFB40010BC89 /* Natife Test Movies App.app */,
			);
			name = Products;
			sourceTree = "<group>";
		};
		4B550BB42AD0BFB40010BC89 /* Natife Test Movies App */ = {
			isa = PBXGroup;
			children = (
				4BF75C562AD4142B006C938F /* Models */,
				4BF75C532AD413CD006C938F /* Providers */,
				4BF75C522AD411E8006C938F /* Networking */,
				4B6D5DB52AD2E097006902F1 /* MoviesScene */,
				4B6D5DBB2AD2FF73006902F1 /* MovieDetailScene */,
				4B550BB52AD0BFB40010BC89 /* AppDelegate.swift */,
				4B550BB72AD0BFB40010BC89 /* SceneDelegate.swift */,
				4B550BBE2AD0BFB50010BC89 /* Assets.xcassets */,
				4B550BC02AD0BFB50010BC89 /* LaunchScreen.storyboard */,
				4B550BC32AD0BFB50010BC89 /* Info.plist */,
			);
			path = "Natife Test Movies App";
			sourceTree = "<group>";
		};
		4B6D5DB52AD2E097006902F1 /* MoviesScene */ = {
			isa = PBXGroup;
			children = (
				4B6D5DB62AD2E0A5006902F1 /* Cells */,
				4BF75C4B2AD405E6006C938F /* MoviesSceneBuilder.swift */,
				4BF75C622AD45F73006C938F /* MoviesListRouter.swift */,
				4BF75C5D2AD42616006C938F /* MoviesListViewModel.swift */,
				4B550BB92AD0BFB40010BC89 /* MoviesViewController.swift */,
				4B6D5DC22AD30FDD006902F1 /* MoviesViewController.xib */,
			);
			path = MoviesScene;
			sourceTree = "<group>";
		};
		4B6D5DB62AD2E0A5006902F1 /* Cells */ = {
			isa = PBXGroup;
			children = (
				4B6D5DB72AD2E12D006902F1 /* MoviesTableViewCell.swift */,
				4B6D5DB82AD2E12D006902F1 /* MoviesTableViewCell.xib */,
			);
			path = Cells;
			sourceTree = "<group>";
		};
		4B6D5DBB2AD2FF73006902F1 /* MovieDetailScene */ = {
			isa = PBXGroup;
			children = (
				4BF75C642AD46049006C938F /* MovieDetailSceneBuilder.swift */,
				4BF75C682AD46B3C006C938F /* MovieDetailRouter.swift */,
				4BF75C662AD46B2C006C938F /* MovieDetailViewModel.swift */,
				4B6D5DBC2AD2FF98006902F1 /* MovieDetailViewController.swift */,
				4B6D5DC02AD30A14006902F1 /* MovieDetailViewController.xib */,
				4B0CF1812AD575540081302F /* PosterImageModalViewController.swift */,
				4B0CF1832AD575AE0081302F /* PosterImageModalViewController.xib */,
			);
			path = MovieDetailScene;
			sourceTree = "<group>";
		};
		4BF75C522AD411E8006C938F /* Networking */ = {
			isa = PBXGroup;
			children = (
				4BF75C502AD408BE006C938F /* NetworkManager.swift */,
			);
			path = Networking;
			sourceTree = "<group>";
		};
		4BF75C532AD413CD006C938F /* Providers */ = {
			isa = PBXGroup;
			children = (
				4BF75C542AD413E3006C938F /* MovieProviderProtocol.swift */,
				4BF75C592AD41736006C938F /* MovieProvider.swift */,
			);
			path = Providers;
			sourceTree = "<group>";
		};
		4BF75C562AD4142B006C938F /* Models */ = {
			isa = PBXGroup;
			children = (
				4BF75C572AD4143F006C938F /* Movie.swift */,
				4BF75C5B2AD417BD006C938F /* Genre.swift */,
			);
			path = Models;
			sourceTree = "<group>";
		};
/* End PBXGroup section */

/* Begin PBXNativeTarget section */
		4B550BB12AD0BFB40010BC89 /* Natife Test Movies App */ = {
			isa = PBXNativeTarget;
			buildConfigurationList = 4B550BC62AD0BFB50010BC89 /* Build configuration list for PBXNativeTarget "Natife Test Movies App" */;
			buildPhases = (
				4B550BAE2AD0BFB40010BC89 /* Sources */,
				4B550BAF2AD0BFB40010BC89 /* Frameworks */,
				4B550BB02AD0BFB40010BC89 /* Resources */,
			);
			buildRules = (
			);
			dependencies = (
			);
			name = "Natife Test Movies App";
			packageProductDependencies = (
				4BF75C4E2AD408AC006C938F /* Alamofire */,
				4BF75C602AD42C8D006C938F /* Kingfisher */,
			);
			productName = "Natife Test Movies App";
			productReference = 4B550BB22AD0BFB40010BC89 /* Natife Test Movies App.app */;
			productType = "com.apple.product-type.application";
		};
/* End PBXNativeTarget section */

/* Begin PBXProject section */
		4B550BAA2AD0BFB40010BC89 /* Project object */ = {
			isa = PBXProject;
			attributes = {
				BuildIndependentTargetsInParallel = 1;
				LastSwiftUpdateCheck = 1500;
				LastUpgradeCheck = 1500;
				TargetAttributes = {
					4B550BB12AD0BFB40010BC89 = {
						CreatedOnToolsVersion = 15.0;
					};
				};
			};
			buildConfigurationList = 4B550BAD2AD0BFB40010BC89 /* Build configuration list for PBXProject "Natife Test Movies App" */;
			compatibilityVersion = "Xcode 14.0";
			developmentRegion = en;
			hasScannedForEncodings = 0;
			knownRegions = (
				en,
				Base,
			);
			mainGroup = 4B550BA92AD0BFB40010BC89;
			packageReferences = (
				4BF75C4D2AD408AC006C938F /* XCRemoteSwiftPackageReference "Alamofire" */,
				4BF75C5F2AD42C8D006C938F /* XCRemoteSwiftPackageReference "Kingfisher" */,
			);
			productRefGroup = 4B550BB32AD0BFB40010BC89 /* Products */;
			projectDirPath = "";
			projectRoot = "";
			targets = (
				4B550BB12AD0BFB40010BC89 /* Natife Test Movies App */,
			);
		};
/* End PBXProject section */

/* Begin PBXResourcesBuildPhase section */
		4B550BB02AD0BFB40010BC89 /* Resources */ = {
			isa = PBXResourcesBuildPhase;
			buildActionMask = 2147483647;
			files = (
				4B550BC22AD0BFB50010BC89 /* LaunchScreen.storyboard in Resources */,
				4B6D5DC32AD30FDD006902F1 /* MoviesViewController.xib in Resources */,
				4B6D5DC12AD30A14006902F1 /* MovieDetailViewController.xib in Resources */,
				4B0CF1842AD575AE0081302F /* PosterImageModalViewController.xib in Resources */,
				4B550BBF2AD0BFB50010BC89 /* Assets.xcassets in Resources */,
				4B6D5DBA2AD2E12D006902F1 /* MoviesTableViewCell.xib in Resources */,
			);
			runOnlyForDeploymentPostprocessing = 0;
		};
/* End PBXResourcesBuildPhase section */

/* Begin PBXSourcesBuildPhase section */
		4B550BAE2AD0BFB40010BC89 /* Sources */ = {
			isa = PBXSourcesBuildPhase;
			buildActionMask = 2147483647;
			files = (
				4B550BBA2AD0BFB40010BC89 /* MoviesViewController.swift in Sources */,
				4BF75C632AD45F73006C938F /* MoviesListRouter.swift in Sources */,
				4BF75C4C2AD405E6006C938F /* MoviesSceneBuilder.swift in Sources */,
				4BF75C582AD4143F006C938F /* Movie.swift in Sources */,
				4BF75C5E2AD42616006C938F /* MoviesListViewModel.swift in Sources */,
				4BF75C5C2AD417BD006C938F /* Genre.swift in Sources */,
				4BF75C692AD46B3C006C938F /* MovieDetailRouter.swift in Sources */,
				4B0CF1822AD575540081302F /* PosterImageModalViewController.swift in Sources */,
				4BF75C652AD46049006C938F /* MovieDetailSceneBuilder.swift in Sources */,
				4B550BB62AD0BFB40010BC89 /* AppDelegate.swift in Sources */,
				4BF75C552AD413E3006C938F /* MovieProviderProtocol.swift in Sources */,
				4BF75C512AD408BE006C938F /* NetworkManager.swift in Sources */,
				4B6D5DB92AD2E12D006902F1 /* MoviesTableViewCell.swift in Sources */,
				4BF75C672AD46B2C006C938F /* MovieDetailViewModel.swift in Sources */,
				4B550BB82AD0BFB40010BC89 /* SceneDelegate.swift in Sources */,
				4B6D5DBD2AD2FF98006902F1 /* MovieDetailViewController.swift in Sources */,
				4BF75C5A2AD41736006C938F /* MovieProvider.swift in Sources */,
			);
			runOnlyForDeploymentPostprocessing = 0;
		};
/* End PBXSourcesBuildPhase section */

/* Begin PBXVariantGroup section */
		4B550BC02AD0BFB50010BC89 /* LaunchScreen.storyboard */ = {
			isa = PBXVariantGroup;
			children = (
				4B550BC12AD0BFB50010BC89 /* Base */,
			);
			name = LaunchScreen.storyboard;
			sourceTree = "<group>";
		};
/* End PBXVariantGroup section */

/* Begin XCBuildConfiguration section */
		4B550BC42AD0BFB50010BC89 /* Debug */ = {
			isa = XCBuildConfiguration;
			buildSettings = {
				ALWAYS_SEARCH_USER_PATHS = NO;
				ASSETCATALOG_COMPILER_GENERATE_SWIFT_ASSET_SYMBOL_EXTENSIONS = YES;
				CLANG_ANALYZER_NONNULL = YES;
				CLANG_ANALYZER_NUMBER_OBJECT_CONVERSION = YES_AGGRESSIVE;
				CLANG_CXX_LANGUAGE_STANDARD = "gnu++20";
				CLANG_ENABLE_MODULES = YES;
				CLANG_ENABLE_OBJC_ARC = YES;
				CLANG_ENABLE_OBJC_WEAK = YES;
				CLANG_WARN_BLOCK_CAPTURE_AUTORELEASING = YES;
				CLANG_WARN_BOOL_CONVERSION = YES;
				CLANG_WARN_COMMA = YES;
				CLANG_WARN_CONSTANT_CONVERSION = YES;
				CLANG_WARN_DEPRECATED_OBJC_IMPLEMENTATIONS = YES;
				CLANG_WARN_DIRECT_OBJC_ISA_USAGE = YES_ERROR;
				CLANG_WARN_DOCUMENTATION_COMMENTS = YES;
				CLANG_WARN_EMPTY_BODY = YES;
				CLANG_WARN_ENUM_CONVERSION = YES;
				CLANG_WARN_INFINITE_RECURSION = YES;
				CLANG_WARN_INT_CONVERSION = YES;
				CLANG_WARN_NON_LITERAL_NULL_CONVERSION = YES;
				CLANG_WARN_OBJC_IMPLICIT_RETAIN_SELF = YES;
				CLANG_WARN_OBJC_LITERAL_CONVERSION = YES;
				CLANG_WARN_OBJC_ROOT_CLASS = YES_ERROR;
				CLANG_WARN_QUOTED_INCLUDE_IN_FRAMEWORK_HEADER = YES;
				CLANG_WARN_RANGE_LOOP_ANALYSIS = YES;
				CLANG_WARN_STRICT_PROTOTYPES = YES;
				CLANG_WARN_SUSPICIOUS_MOVE = YES;
				CLANG_WARN_UNGUARDED_AVAILABILITY = YES_AGGRESSIVE;
				CLANG_WARN_UNREACHABLE_CODE = YES;
				CLANG_WARN__DUPLICATE_METHOD_MATCH = YES;
				COPY_PHASE_STRIP = NO;
				DEBUG_INFORMATION_FORMAT = dwarf;
				ENABLE_STRICT_OBJC_MSGSEND = YES;
				ENABLE_TESTABILITY = YES;
				ENABLE_USER_SCRIPT_SANDBOXING = YES;
				GCC_C_LANGUAGE_STANDARD = gnu17;
				GCC_DYNAMIC_NO_PIC = NO;
				GCC_NO_COMMON_BLOCKS = YES;
				GCC_OPTIMIZATION_LEVEL = 0;
				GCC_PREPROCESSOR_DEFINITIONS = (
					"DEBUG=1",
					"$(inherited)",
				);
				GCC_WARN_64_TO_32_BIT_CONVERSION = YES;
				GCC_WARN_ABOUT_RETURN_TYPE = YES_ERROR;
				GCC_WARN_UNDECLARED_SELECTOR = YES;
				GCC_WARN_UNINITIALIZED_AUTOS = YES_AGGRESSIVE;
				GCC_WARN_UNUSED_FUNCTION = YES;
				GCC_WARN_UNUSED_VARIABLE = YES;
				IPHONEOS_DEPLOYMENT_TARGET = 17.0;
				LOCALIZATION_PREFERS_STRING_CATALOGS = YES;
				MTL_ENABLE_DEBUG_INFO = INCLUDE_SOURCE;
				MTL_FAST_MATH = YES;
				ONLY_ACTIVE_ARCH = YES;
				SDKROOT = iphoneos;
				SWIFT_ACTIVE_COMPILATION_CONDITIONS = "DEBUG $(inherited)";
				SWIFT_OPTIMIZATION_LEVEL = "-Onone";
			};
			name = Debug;
		};
		4B550BC52AD0BFB50010BC89 /* Release */ = {
			isa = XCBuildConfiguration;
			buildSettings = {
				ALWAYS_SEARCH_USER_PATHS = NO;
				ASSETCATALOG_COMPILER_GENERATE_SWIFT_ASSET_SYMBOL_EXTENSIONS = YES;
				CLANG_ANALYZER_NONNULL = YES;
				CLANG_ANALYZER_NUMBER_OBJECT_CONVERSION = YES_AGGRESSIVE;
				CLANG_CXX_LANGUAGE_STANDARD = "gnu++20";
				CLANG_ENABLE_MODULES = YES;
				CLANG_ENABLE_OBJC_ARC = YES;
				CLANG_ENABLE_OBJC_WEAK = YES;
				CLANG_WARN_BLOCK_CAPTURE_AUTORELEASING = YES;
				CLANG_WARN_BOOL_CONVERSION = YES;
				CLANG_WARN_COMMA = YES;
				CLANG_WARN_CONSTANT_CONVERSION = YES;
				CLANG_WARN_DEPRECATED_OBJC_IMPLEMENTATIONS = YES;
				CLANG_WARN_DIRECT_OBJC_ISA_USAGE = YES_ERROR;
				CLANG_WARN_DOCUMENTATION_COMMENTS = YES;
				CLANG_WARN_EMPTY_BODY = YES;
				CLANG_WARN_ENUM_CONVERSION = YES;
				CLANG_WARN_INFINITE_RECURSION = YES;
				CLANG_WARN_INT_CONVERSION = YES;
				CLANG_WARN_NON_LITERAL_NULL_CONVERSION = YES;
				CLANG_WARN_OBJC_IMPLICIT_RETAIN_SELF = YES;
				CLANG_WARN_OBJC_LITERAL_CONVERSION = YES;
				CLANG_WARN_OBJC_ROOT_CLASS = YES_ERROR;
				CLANG_WARN_QUOTED_INCLUDE_IN_FRAMEWORK_HEADER = YES;
				CLANG_WARN_RANGE_LOOP_ANALYSIS = YES;
				CLANG_WARN_STRICT_PROTOTYPES = YES;
				CLANG_WARN_SUSPICIOUS_MOVE = YES;
				CLANG_WARN_UNGUARDED_AVAILABILITY = YES_AGGRESSIVE;
				CLANG_WARN_UNREACHABLE_CODE = YES;
				CLANG_WARN__DUPLICATE_METHOD_MATCH = YES;
				COPY_PHASE_STRIP = NO;
				DEBUG_INFORMATION_FORMAT = "dwarf-with-dsym";
				ENABLE_NS_ASSERTIONS = NO;
				ENABLE_STRICT_OBJC_MSGSEND = YES;
				ENABLE_USER_SCRIPT_SANDBOXING = YES;
				GCC_C_LANGUAGE_STANDARD = gnu17;
				GCC_NO_COMMON_BLOCKS = YES;
				GCC_WARN_64_TO_32_BIT_CONVERSION = YES;
				GCC_WARN_ABOUT_RETURN_TYPE = YES_ERROR;
				GCC_WARN_UNDECLARED_SELECTOR = YES;
				GCC_WARN_UNINITIALIZED_AUTOS = YES_AGGRESSIVE;
				GCC_WARN_UNUSED_FUNCTION = YES;
				GCC_WARN_UNUSED_VARIABLE = YES;
				IPHONEOS_DEPLOYMENT_TARGET = 17.0;
				LOCALIZATION_PREFERS_STRING_CATALOGS = YES;
				MTL_ENABLE_DEBUG_INFO = NO;
				MTL_FAST_MATH = YES;
				SDKROOT = iphoneos;
				SWIFT_COMPILATION_MODE = wholemodule;
				VALIDATE_PRODUCT = YES;
			};
			name = Release;
		};
		4B550BC72AD0BFB50010BC89 /* Debug */ = {
			isa = XCBuildConfiguration;
			buildSettings = {
				ASSETCATALOG_COMPILER_APPICON_NAME = AppIcon;
				ASSETCATALOG_COMPILER_GLOBAL_ACCENT_COLOR_NAME = AccentColor;
				CODE_SIGN_STYLE = Automatic;
				CURRENT_PROJECT_VERSION = 1;
				DEVELOPMENT_TEAM = 8T58NYZDRU;
				GENERATE_INFOPLIST_FILE = YES;
				INFOPLIST_FILE = "Natife Test Movies App/Info.plist";
				INFOPLIST_KEY_UIApplicationSupportsIndirectInputEvents = YES;
				INFOPLIST_KEY_UILaunchStoryboardName = LaunchScreen;
				INFOPLIST_KEY_UISupportedInterfaceOrientations_iPad = "UIInterfaceOrientationPortrait UIInterfaceOrientationPortraitUpsideDown UIInterfaceOrientationLandscapeLeft UIInterfaceOrientationLandscapeRight";
				INFOPLIST_KEY_UISupportedInterfaceOrientations_iPhone = "UIInterfaceOrientationPortrait UIInterfaceOrientationLandscapeLeft UIInterfaceOrientationLandscapeRight";
				IPHONEOS_DEPLOYMENT_TARGET = 15.0;
				LD_RUNPATH_SEARCH_PATHS = (
					"$(inherited)",
					"@executable_path/Frameworks",
				);
				MARKETING_VERSION = 1.0;
				PRODUCT_BUNDLE_IDENTIFIER = "com.ivanskoryk.natife-test-movies-app.Natife-Test-Movies-App";
				PRODUCT_NAME = "$(TARGET_NAME)";
				SWIFT_EMIT_LOC_STRINGS = YES;
				SWIFT_VERSION = 5.0;
				TARGETED_DEVICE_FAMILY = "1,2";
			};
			name = Debug;
		};
		4B550BC82AD0BFB50010BC89 /* Release */ = {
			isa = XCBuildConfiguration;
			buildSettings = {
				ASSETCATALOG_COMPILER_APPICON_NAME = AppIcon;
				ASSETCATALOG_COMPILER_GLOBAL_ACCENT_COLOR_NAME = AccentColor;
				CODE_SIGN_STYLE = Automatic;
				CURRENT_PROJECT_VERSION = 1;
				DEVELOPMENT_TEAM = 8T58NYZDRU;
				GENERATE_INFOPLIST_FILE = YES;
				INFOPLIST_FILE = "Natife Test Movies App/Info.plist";
				INFOPLIST_KEY_UIApplicationSupportsIndirectInputEvents = YES;
				INFOPLIST_KEY_UILaunchStoryboardName = LaunchScreen;
				INFOPLIST_KEY_UISupportedInterfaceOrientations_iPad = "UIInterfaceOrientationPortrait UIInterfaceOrientationPortraitUpsideDown UIInterfaceOrientationLandscapeLeft UIInterfaceOrientationLandscapeRight";
				INFOPLIST_KEY_UISupportedInterfaceOrientations_iPhone = "UIInterfaceOrientationPortrait UIInterfaceOrientationLandscapeLeft UIInterfaceOrientationLandscapeRight";
				IPHONEOS_DEPLOYMENT_TARGET = 15.0;
				LD_RUNPATH_SEARCH_PATHS = (
					"$(inherited)",
					"@executable_path/Frameworks",
				);
				MARKETING_VERSION = 1.0;
				PRODUCT_BUNDLE_IDENTIFIER = "com.ivanskoryk.natife-test-movies-app.Natife-Test-Movies-App";
				PRODUCT_NAME = "$(TARGET_NAME)";
				SWIFT_EMIT_LOC_STRINGS = YES;
				SWIFT_VERSION = 5.0;
				TARGETED_DEVICE_FAMILY = "1,2";
			};
			name = Release;
		};
/* End XCBuildConfiguration section */

/* Begin XCConfigurationList section */
		4B550BAD2AD0BFB40010BC89 /* Build configuration list for PBXProject "Natife Test Movies App" */ = {
			isa = XCConfigurationList;
			buildConfigurations = (
				4B550BC42AD0BFB50010BC89 /* Debug */,
				4B550BC52AD0BFB50010BC89 /* Release */,
			);
			defaultConfigurationIsVisible = 0;
			defaultConfigurationName = Release;
		};
		4B550BC62AD0BFB50010BC89 /* Build configuration list for PBXNativeTarget "Natife Test Movies App" */ = {
			isa = XCConfigurationList;
			buildConfigurations = (
				4B550BC72AD0BFB50010BC89 /* Debug */,
				4B550BC82AD0BFB50010BC89 /* Release */,
			);
			defaultConfigurationIsVisible = 0;
			defaultConfigurationName = Release;
		};
/* End XCConfigurationList section */

/* Begin XCRemoteSwiftPackageReference section */
		4BF75C4D2AD408AC006C938F /* XCRemoteSwiftPackageReference "Alamofire" */ = {
			isa = XCRemoteSwiftPackageReference;
			repositoryURL = "https://github.com/Alamofire/Alamofire.git";
			requirement = {
				kind = upToNextMajorVersion;
				minimumVersion = 5.8.0;
			};
		};
		4BF75C5F2AD42C8D006C938F /* XCRemoteSwiftPackageReference "Kingfisher" */ = {
			isa = XCRemoteSwiftPackageReference;
			repositoryURL = "https://github.com/onevcat/Kingfisher.git";
			requirement = {
				kind = upToNextMajorVersion;
				minimumVersion = 7.9.1;
			};
		};
/* End XCRemoteSwiftPackageReference section */

/* Begin XCSwiftPackageProductDependency section */
		4BF75C4E2AD408AC006C938F /* Alamofire */ = {
			isa = XCSwiftPackageProductDependency;
			package = 4BF75C4D2AD408AC006C938F /* XCRemoteSwiftPackageReference "Alamofire" */;
			productName = Alamofire;
		};
		4BF75C602AD42C8D006C938F /* Kingfisher */ = {
			isa = XCSwiftPackageProductDependency;
			package = 4BF75C5F2AD42C8D006C938F /* XCRemoteSwiftPackageReference "Kingfisher" */;
			productName = Kingfisher;
		};
/* End XCSwiftPackageProductDependency section */
	};
	rootObject = 4B550BAA2AD0BFB40010BC89 /* Project object */;
}
